// !$*UTF8*$!
{
	archiveVersion = 1;
	classes = {
	};
	objectVersion = 46;
	objects = {
/* Begin PBXBuildFile section */
		858B842D18CA22B800AB12DE /* InfoPlist.strings in Resources */ = {isa = PBXBuildFile; fileRef = 858B833A18CA111C00AB12DE /* InfoPlist.strings */; };
		CD45EE7C18DC2D5800FB50C0 /* app in Resources */ = {isa = PBXBuildFile; fileRef = CD45EE7A18DC2D5800FB50C0 /* app */; };
		CD62955D1BB2678900AE3A93 /* main.m in Sources */ = {isa = PBXBuildFile; fileRef = CD62955C1BB2678900AE3A93 /* main.m */; };
		C074D62D751D49E983980EDF /* Assets.xcassets in Resources */ = {isa = PBXBuildFile; fileRef = 71743815AEAC4345AC67C04B /* Assets.xcassets */; };
		05CEB0580D054635A2B21337 /* LaunchScreen.storyboard in Resources */ = {isa = PBXBuildFile; fileRef = E5D4B10D7C0045AC8EB67F12 /* LaunchScreen.storyboard */; };
		D19F599C2A404A9C9C1CDED3 /* agregar.png in Resources */ = {isa = PBXBuildFile; fileRef = 31A5BF173674471A97E2DC8F /* agregar.png */; };
		B9E563014DDE4F12B4566F7C /* atras.png in Resources */ = {isa = PBXBuildFile; fileRef = 4C4148B3875344F29DAD998E /* atras.png */; };
		790976B5BF434495B9F6F860 /* botonconsultar.png in Resources */ = {isa = PBXBuildFile; fileRef = E316A88A95034930A77A083A /* botonconsultar.png */; };
		4364A1662EE34C4AAF3D345C /* build.xcconfig in Resources */ = {isa = PBXBuildFile; fileRef = FDB7CF0BAB98442095E61CEB /* build.xcconfig */; };
		3F05A42E144F4398910E5D31 /* consultamovimientos.png in Resources */ = {isa = PBXBuildFile; fileRef = A1E0882B626147AC8D1DB41B /* consultamovimientos.png */; };
		BDA8AF33AD564872A113B9AD /* consultas.png in Resources */ = {isa = PBXBuildFile; fileRef = ED301B418677410EBE27B0F4 /* consultas.png */; };
		BD28A700F56541FA98C32A3A /* crear.png in Resources */ = {isa = PBXBuildFile; fileRef = 693CE8CE83B14D8E8E3751F6 /* crear.png */; };
		A2E2D50F48794045A49AD574 /* edicionregistros.png in Resources */ = {isa = PBXBuildFile; fileRef = 22CFFDFBD6EE4647932AAB21 /* edicionregistros.png */; };
		852457048E154496B00274AB /* editar.png in Resources */ = {isa = PBXBuildFile; fileRef = 0468DC417D724F8F8C8778F4 /* editar.png */; };
		8E6017BB4F4E49029DDE54A9 /* editardestinatario.png in Resources */ = {isa = PBXBuildFile; fileRef = F34E24A76EED4B92B53EFA01 /* editardestinatario.png */; };
		9C94EAE3691244409613E263 /* editarpermisos.png in Resources */ = {isa = PBXBuildFile; fileRef = E8972899A4784CF7B8E34EBA /* editarpermisos.png */; };
		93BA5AB6A88D42099AD3BDAD /* editarpropietario.png in Resources */ = {isa = PBXBuildFile; fileRef = 11F85E46F57D41AEB59D3CF0 /* editarpropietario.png */; };
		C1F4C96DFD4A43E288F4C773 /* editarregistros.png in Resources */ = {isa = PBXBuildFile; fileRef = 6A8278F9F46A49E489CD8400 /* editarregistros.png */; };
		05C83B732A164A33B2786CD7 /* editarusuario.png in Resources */ = {isa = PBXBuildFile; fileRef = 98E6A56F5A014CFE9A892C23 /* editarusuario.png */; };
		B4724F07066B408DA0E7DA1A /* eliminar.png in Resources */ = {isa = PBXBuildFile; fileRef = AEC2116FE6FE443898BD0AB9 /* eliminar.png */; };
		053B968AD00547E2B63CB01D /* eliminarpotrero.png in Resources */ = {isa = PBXBuildFile; fileRef = 0CBC240793C34308977A1C88 /* eliminarpotrero.png */; };
		940280B9C1F740B6841E2A89 /* eliminarreg.png in Resources */ = {isa = PBXBuildFile; fileRef = 15015D43F0F64F1D80323DEE /* eliminarreg.png */; };
		3505E60C82724056B0372231 /* especifica.png in Resources */ = {isa = PBXBuildFile; fileRef = EE2B1C14676E43F5B14B5818 /* especifica.png */; };
		178C671B7C4C44C280168463 /* general.png in Resources */ = {isa = PBXBuildFile; fileRef = 26AD283E101E4CA18E5DE09A /* general.png */; };
		1D7B92EFB8554CEC808987BF /* ingresos.png in Resources */ = {isa = PBXBuildFile; fileRef = 983B30BDD56040AB82378C97 /* ingresos.png */; };
		175A14BFECEC4085B7BEC177 /* inicio.png in Resources */ = {isa = PBXBuildFile; fileRef = 6055D16753AF44789ED9C7F0 /* inicio.png */; };
		99FE19DE84124C878CED196B /* internos.png in Resources */ = {isa = PBXBuildFile; fileRef = 062B9562637E482CA7E21C2C /* internos.png */; };
		6E1D5FC41A4A45C4963119C9 /* movimientos.png in Resources */ = {isa = PBXBuildFile; fileRef = 2F29A02D880C48FBAB94D424 /* movimientos.png */; };
		023C96DC4D6041419A75E977 /* notificaciones.png in Resources */ = {isa = PBXBuildFile; fileRef = 46DE9D5304874F9F99039C4A /* notificaciones.png */; };
		D5078AA9D62A416AAB15188F /* nvaconsulta.png in Resources */ = {isa = PBXBuildFile; fileRef = 0802140606F9486696FCEC95 /* nvaconsulta.png */; };
		1B894CEEE2BF42F68968B019 /* nvasalida.png in Resources */ = {isa = PBXBuildFile; fileRef = F0031E989D544A4CAA4BAF22 /* nvasalida.png */; };
		962A98EFF1B240219BA9DB1D /* nvodestinatario.png in Resources */ = {isa = PBXBuildFile; fileRef = 2AB936DAC1404836BCA5C4D3 /* nvodestinatario.png */; };
		11C9B85CB3884F8C81C104D4 /* nvoingreso.png in Resources */ = {isa = PBXBuildFile; fileRef = 07C4090F576B45FE8C764BB5 /* nvoingreso.png */; };
		76B724603E464D129AF0BB73 /* nvomovimiento.png in Resources */ = {isa = PBXBuildFile; fileRef = C9B02DDB8FD145F1A1FFA824 /* nvomovimiento.png */; };
		3548A2DCCDC24A5281C9BF72 /* nvomovinterno.png in Resources */ = {isa = PBXBuildFile; fileRef = 4D9D599FCAFA4150B86FE97A /* nvomovinterno.png */; };
		D427C3CE042B48D7B61E5989 /* nvopotrero.png in Resources */ = {isa = PBXBuildFile; fileRef = E31F87B8BCC448F68E56E404 /* nvopotrero.png */; };
		03E666659C62415687B9A1BA /* nvopropietario.png in Resources */ = {isa = PBXBuildFile; fileRef = 568F380E792F451F8015C528 /* nvopropietario.png */; };
		46A6A3C48552432CB1A748B4 /* nvousuario.png in Resources */ = {isa = PBXBuildFile; fileRef = EB2059727500491DA398188E /* nvousuario.png */; };
		80CC4CDC34C54BB387ECEE1F /* potreros.png in Resources */ = {isa = PBXBuildFile; fileRef = 7A06F0431C424BF290ABE704 /* potreros.png */; };
		8F0278D56F1442B188DB212B /* propietarios.png in Resources */ = {isa = PBXBuildFile; fileRef = A657E369B90145A48CDAE468 /* propietarios.png */; };
		7CBE65D4AA104DBD8B9B77D1 /* registrar.png in Resources */ = {isa = PBXBuildFile; fileRef = 8D4313C2F1004A6AA9C286E4 /* registrar.png */; };
		BB8691D83BAE4121A340D207 /* salidas.png in Resources */ = {isa = PBXBuildFile; fileRef = 66BB42E92A5A4415A82C1EC6 /* salidas.png */; };
		ECD53A8B0B6C43A795C46B6F /* usuarios.png in Resources */ = {isa = PBXBuildFile; fileRef = 348A9EAB371A404E8E8EDBCB /* usuarios.png */; };
		6194F21FF9DC468D9C482574 /* sqlitewrapper.framework in Frameworks */ = {isa = PBXBuildFile; fileRef = 7D59E556957A44188A1599D6 /* sqlitewrapper.framework */; };
		252BFBAE11ED4D56B78AEA75 /* sqlitewrapper.framework in Embed Frameworks */ = {isa = PBXBuildFile; fileRef = 7D59E556957A44188A1599D6 /* sqlitewrapper.framework */; settings = {ATTRIBUTES = (CodeSignOnCopy, RemoveHeadersOnCopy, ); }; };
		D80D0F7B54BF4BAE9F53BA4F /* NativeScriptEmbedder.h in Resources */ = {isa = PBXBuildFile; fileRef = C36C68E3DFB3469B94159EAD /* NativeScriptEmbedder.h */; };
		055D4A0E8FE340DF836E8FA0 /* NativeScriptEmbedder.m in Sources */ = {isa = PBXBuildFile; fileRef = 27E0110418E54B548CE388F2 /* NativeScriptEmbedder.m */; };
		91166F2D3B804909BAE31A64 /* TNSWidgets.framework in Frameworks */ = {isa = PBXBuildFile; fileRef = 31D95D9EDF774007BCFC04F1 /* TNSWidgets.framework */; };
		17285626D8BF4AACA2B09215 /* TNSWidgets.framework in Embed Frameworks */ = {isa = PBXBuildFile; fileRef = 31D95D9EDF774007BCFC04F1 /* TNSWidgets.framework */; settings = {ATTRIBUTES = (CodeSignOnCopy, RemoveHeadersOnCopy, ); }; };
/* End PBXBuildFile section */

/* Begin PBXCopyFilesBuildPhase section */
		85F5BDFC1A9363BE006B9701 /* Embed Frameworks */ = {
			isa = PBXCopyFilesBuildPhase;
			buildActionMask = 2147483647;
			dstPath = "";
			dstSubfolderSpec = 10;
			files = (
				252BFBAE11ED4D56B78AEA75 /* sqlitewrapper.framework in Embed Frameworks */,
				17285626D8BF4AACA2B09215 /* TNSWidgets.framework in Embed Frameworks */,
			);
			name = "Embed Frameworks";
			runOnlyForDeploymentPostprocessing = 0;
		};
/* End PBXCopyFilesBuildPhase section */

/* Begin PBXFileReference section */
		858B832E18CA111C00AB12DE /* secondtry.app */ = {isa = PBXFileReference; explicitFileType = wrapper.application; includeInIndex = 0; path = secondtry.app; sourceTree = BUILT_PRODUCTS_DIR; };
		858B833918CA111C00AB12DE /* secondtry-Info.plist */ = {isa = PBXFileReference; lastKnownFileType = text.plist.xml; path = "secondtry-Info.plist"; sourceTree = "<group>"; };
		858B833B18CA111C00AB12DE /* en */ = {isa = PBXFileReference; lastKnownFileType = text.plist.strings; name = en; path = en.lproj/InfoPlist.strings; sourceTree = "<group>"; };
		858B833F18CA111C00AB12DE /* secondtry-Prefix.pch */ = {isa = PBXFileReference; lastKnownFileType = sourcecode.c.h; path = "secondtry-Prefix.pch"; sourceTree = "<group>"; };
		858B843318CA22B800AB12DE /* secondtry.app */ = {isa = PBXFileReference; explicitFileType = wrapper.application; includeInIndex = 0; path = secondtry.app; sourceTree = BUILT_PRODUCTS_DIR; };
		CD45EE7A18DC2D5800FB50C0 /* app */ = {isa = PBXFileReference; lastKnownFileType = folder; path = app; sourceTree = "<group>"; };
		CD62955C1BB2678900AE3A93 /* main.m */ = {isa = PBXFileReference; fileEncoding = 4; lastKnownFileType = sourcecode.c.objc; name = main.m; path = internal/main.m; sourceTree = SOURCE_ROOT; };
		CDD59A261BB43B5D00EC2671 /* build-debug.xcconfig */ = {isa = PBXFileReference; fileEncoding = 4; lastKnownFileType = text.xcconfig; path = "build-debug.xcconfig"; sourceTree = "<group>"; };
		CDD59A271BB43B5D00EC2671 /* build-release.xcconfig */ = {isa = PBXFileReference; fileEncoding = 4; lastKnownFileType = text.xcconfig; path = "build-release.xcconfig"; sourceTree = "<group>"; };
		CDF4743E1BA4855C0087EA85 /* build.xcconfig */ = {isa = PBXFileReference; fileEncoding = 4; lastKnownFileType = text.xcconfig; path = build.xcconfig; sourceTree = "<group>"; };
		71743815AEAC4345AC67C04B /* Assets.xcassets */ = {isa = PBXFileReference; lastKnownFileType = unknown; name = Assets.xcassets; path = "secondtry/Resources/Assets.xcassets"; sourceTree = "<group>"; fileEncoding = 4; };
		E5D4B10D7C0045AC8EB67F12 /* LaunchScreen.storyboard */ = {isa = PBXFileReference; lastKnownFileType = unknown; name = LaunchScreen.storyboard; path = "secondtry/Resources/LaunchScreen.storyboard"; sourceTree = "<group>"; fileEncoding = 4; };
		31A5BF173674471A97E2DC8F /* agregar.png */ = {isa = PBXFileReference; lastKnownFileType = image.png; name = agregar.png; path = "secondtry/Resources/agregar.png"; sourceTree = "<group>"; };
		4C4148B3875344F29DAD998E /* atras.png */ = {isa = PBXFileReference; lastKnownFileType = image.png; name = atras.png; path = "secondtry/Resources/atras.png"; sourceTree = "<group>"; };
		E316A88A95034930A77A083A /* botonconsultar.png */ = {isa = PBXFileReference; lastKnownFileType = image.png; name = botonconsultar.png; path = "secondtry/Resources/botonconsultar.png"; sourceTree = "<group>"; };
		FDB7CF0BAB98442095E61CEB /* build.xcconfig */ = {isa = PBXFileReference; lastKnownFileType = unknown; name = build.xcconfig; path = "secondtry/Resources/build.xcconfig"; sourceTree = "<group>"; fileEncoding = 4; };
		A1E0882B626147AC8D1DB41B /* consultamovimientos.png */ = {isa = PBXFileReference; lastKnownFileType = image.png; name = consultamovimientos.png; path = "secondtry/Resources/consultamovimientos.png"; sourceTree = "<group>"; };
		ED301B418677410EBE27B0F4 /* consultas.png */ = {isa = PBXFileReference; lastKnownFileType = image.png; name = consultas.png; path = "secondtry/Resources/consultas.png"; sourceTree = "<group>"; };
		693CE8CE83B14D8E8E3751F6 /* crear.png */ = {isa = PBXFileReference; lastKnownFileType = image.png; name = crear.png; path = "secondtry/Resources/crear.png"; sourceTree = "<group>"; };
		22CFFDFBD6EE4647932AAB21 /* edicionregistros.png */ = {isa = PBXFileReference; lastKnownFileType = image.png; name = edicionregistros.png; path = "secondtry/Resources/edicionregistros.png"; sourceTree = "<group>"; };
		0468DC417D724F8F8C8778F4 /* editar.png */ = {isa = PBXFileReference; lastKnownFileType = image.png; name = editar.png; path = "secondtry/Resources/editar.png"; sourceTree = "<group>"; };
		F34E24A76EED4B92B53EFA01 /* editardestinatario.png */ = {isa = PBXFileReference; lastKnownFileType = image.png; name = editardestinatario.png; path = "secondtry/Resources/editardestinatario.png"; sourceTree = "<group>"; };
		E8972899A4784CF7B8E34EBA /* editarpermisos.png */ = {isa = PBXFileReference; lastKnownFileType = image.png; name = editarpermisos.png; path = "secondtry/Resources/editarpermisos.png"; sourceTree = "<group>"; };
		11F85E46F57D41AEB59D3CF0 /* editarpropietario.png */ = {isa = PBXFileReference; lastKnownFileType = image.png; name = editarpropietario.png; path = "secondtry/Resources/editarpropietario.png"; sourceTree = "<group>"; };
		6A8278F9F46A49E489CD8400 /* editarregistros.png */ = {isa = PBXFileReference; lastKnownFileType = image.png; name = editarregistros.png; path = "secondtry/Resources/editarregistros.png"; sourceTree = "<group>"; };
		98E6A56F5A014CFE9A892C23 /* editarusuario.png */ = {isa = PBXFileReference; lastKnownFileType = image.png; name = editarusuario.png; path = "secondtry/Resources/editarusuario.png"; sourceTree = "<group>"; };
		AEC2116FE6FE443898BD0AB9 /* eliminar.png */ = {isa = PBXFileReference; lastKnownFileType = image.png; name = eliminar.png; path = "secondtry/Resources/eliminar.png"; sourceTree = "<group>"; };
		0CBC240793C34308977A1C88 /* eliminarpotrero.png */ = {isa = PBXFileReference; lastKnownFileType = image.png; name = eliminarpotrero.png; path = "secondtry/Resources/eliminarpotrero.png"; sourceTree = "<group>"; };
		15015D43F0F64F1D80323DEE /* eliminarreg.png */ = {isa = PBXFileReference; lastKnownFileType = image.png; name = eliminarreg.png; path = "secondtry/Resources/eliminarreg.png"; sourceTree = "<group>"; };
		EE2B1C14676E43F5B14B5818 /* especifica.png */ = {isa = PBXFileReference; lastKnownFileType = image.png; name = especifica.png; path = "secondtry/Resources/especifica.png"; sourceTree = "<group>"; };
		26AD283E101E4CA18E5DE09A /* general.png */ = {isa = PBXFileReference; lastKnownFileType = image.png; name = general.png; path = "secondtry/Resources/general.png"; sourceTree = "<group>"; };
		983B30BDD56040AB82378C97 /* ingresos.png */ = {isa = PBXFileReference; lastKnownFileType = image.png; name = ingresos.png; path = "secondtry/Resources/ingresos.png"; sourceTree = "<group>"; };
		6055D16753AF44789ED9C7F0 /* inicio.png */ = {isa = PBXFileReference; lastKnownFileType = image.png; name = inicio.png; path = "secondtry/Resources/inicio.png"; sourceTree = "<group>"; };
		062B9562637E482CA7E21C2C /* internos.png */ = {isa = PBXFileReference; lastKnownFileType = image.png; name = internos.png; path = "secondtry/Resources/internos.png"; sourceTree = "<group>"; };
		2F29A02D880C48FBAB94D424 /* movimientos.png */ = {isa = PBXFileReference; lastKnownFileType = image.png; name = movimientos.png; path = "secondtry/Resources/movimientos.png"; sourceTree = "<group>"; };
		46DE9D5304874F9F99039C4A /* notificaciones.png */ = {isa = PBXFileReference; lastKnownFileType = image.png; name = notificaciones.png; path = "secondtry/Resources/notificaciones.png"; sourceTree = "<group>"; };
		0802140606F9486696FCEC95 /* nvaconsulta.png */ = {isa = PBXFileReference; lastKnownFileType = image.png; name = nvaconsulta.png; path = "secondtry/Resources/nvaconsulta.png"; sourceTree = "<group>"; };
		F0031E989D544A4CAA4BAF22 /* nvasalida.png */ = {isa = PBXFileReference; lastKnownFileType = image.png; name = nvasalida.png; path = "secondtry/Resources/nvasalida.png"; sourceTree = "<group>"; };
		2AB936DAC1404836BCA5C4D3 /* nvodestinatario.png */ = {isa = PBXFileReference; lastKnownFileType = image.png; name = nvodestinatario.png; path = "secondtry/Resources/nvodestinatario.png"; sourceTree = "<group>"; };
		07C4090F576B45FE8C764BB5 /* nvoingreso.png */ = {isa = PBXFileReference; lastKnownFileType = image.png; name = nvoingreso.png; path = "secondtry/Resources/nvoingreso.png"; sourceTree = "<group>"; };
		C9B02DDB8FD145F1A1FFA824 /* nvomovimiento.png */ = {isa = PBXFileReference; lastKnownFileType = image.png; name = nvomovimiento.png; path = "secondtry/Resources/nvomovimiento.png"; sourceTree = "<group>"; };
		4D9D599FCAFA4150B86FE97A /* nvomovinterno.png */ = {isa = PBXFileReference; lastKnownFileType = image.png; name = nvomovinterno.png; path = "secondtry/Resources/nvomovinterno.png"; sourceTree = "<group>"; };
		E31F87B8BCC448F68E56E404 /* nvopotrero.png */ = {isa = PBXFileReference; lastKnownFileType = image.png; name = nvopotrero.png; path = "secondtry/Resources/nvopotrero.png"; sourceTree = "<group>"; };
		568F380E792F451F8015C528 /* nvopropietario.png */ = {isa = PBXFileReference; lastKnownFileType = image.png; name = nvopropietario.png; path = "secondtry/Resources/nvopropietario.png"; sourceTree = "<group>"; };
		EB2059727500491DA398188E /* nvousuario.png */ = {isa = PBXFileReference; lastKnownFileType = image.png; name = nvousuario.png; path = "secondtry/Resources/nvousuario.png"; sourceTree = "<group>"; };
		7A06F0431C424BF290ABE704 /* potreros.png */ = {isa = PBXFileReference; lastKnownFileType = image.png; name = potreros.png; path = "secondtry/Resources/potreros.png"; sourceTree = "<group>"; };
		A657E369B90145A48CDAE468 /* propietarios.png */ = {isa = PBXFileReference; lastKnownFileType = image.png; name = propietarios.png; path = "secondtry/Resources/propietarios.png"; sourceTree = "<group>"; };
		8D4313C2F1004A6AA9C286E4 /* registrar.png */ = {isa = PBXFileReference; lastKnownFileType = image.png; name = registrar.png; path = "secondtry/Resources/registrar.png"; sourceTree = "<group>"; };
		66BB42E92A5A4415A82C1EC6 /* salidas.png */ = {isa = PBXFileReference; lastKnownFileType = image.png; name = salidas.png; path = "secondtry/Resources/salidas.png"; sourceTree = "<group>"; };
		348A9EAB371A404E8E8EDBCB /* usuarios.png */ = {isa = PBXFileReference; lastKnownFileType = image.png; name = usuarios.png; path = "secondtry/Resources/usuarios.png"; sourceTree = "<group>"; };
		7D59E556957A44188A1599D6 /* sqlitewrapper.framework */ = {isa = PBXFileReference; lastKnownFileType = wrapper.framework; name = sqlitewrapper.framework; path = "$(SRCROOT)/../../node_modules/nativescript-sqlite/platforms/ios/sqlitewrapper.framework"; sourceTree = "<group>"; };
		C36C68E3DFB3469B94159EAD /* NativeScriptEmbedder.h */ = {isa = PBXFileReference; lastKnownFileType = sourcecode.c.h; name = NativeScriptEmbedder.h; path = "../../node_modules/tns-core-modules/platforms/ios/src/NativeScriptEmbedder.h"; sourceTree = "<group>"; fileEncoding = 4; };
		27E0110418E54B548CE388F2 /* NativeScriptEmbedder.m */ = {isa = PBXFileReference; lastKnownFileType = sourcecode.c.objc; name = NativeScriptEmbedder.m; path = "../../node_modules/tns-core-modules/platforms/ios/src/NativeScriptEmbedder.m"; sourceTree = "<group>"; fileEncoding = 4; };
		31D95D9EDF774007BCFC04F1 /* TNSWidgets.framework */ = {isa = PBXFileReference; lastKnownFileType = wrapper.framework; name = TNSWidgets.framework; path = "$(SRCROOT)/../../node_modules/tns-core-modules-widgets/platforms/ios/TNSWidgets.framework"; sourceTree = "<group>"; };
/* End PBXFileReference section */

/* Begin PBXFrameworksBuildPhase section */
		858B83F418CA22B800AB12DE /* Frameworks */ = {
			isa = PBXFrameworksBuildPhase;
			buildActionMask = 2147483647;
			files = (
				6194F21FF9DC468D9C482574 /* sqlitewrapper.framework in Frameworks */,
				91166F2D3B804909BAE31A64 /* TNSWidgets.framework in Frameworks */,
			);
			runOnlyForDeploymentPostprocessing = 0;
		};
/* End PBXFrameworksBuildPhase section */

/* Begin PBXGroup section */
		858B832518CA111C00AB12DE = {
			isa = PBXGroup;
			children = (
				E070579D1B39A9D000214BF1 /* Resources */,
				858B833718CA111C00AB12DE /* secondtry */,
				858B833018CA111C00AB12DE /* Frameworks */,
				858B832F18CA111C00AB12DE /* Products */,
				9C1DBB72DB3D43408D8125EB /* tns-core-modules */,
			);
			sourceTree = "<group>";
		};
		858B832F18CA111C00AB12DE /* Products */ = {
			isa = PBXGroup;
			children = (
				858B832E18CA111C00AB12DE /* secondtry.app */,
				858B843318CA22B800AB12DE /* secondtry.app */,
			);
			name = Products;
			sourceTree = "<group>";
		};
		858B833018CA111C00AB12DE /* Frameworks */ = {
			isa = PBXGroup;
			children = (
				7D59E556957A44188A1599D6 /* sqlitewrapper.framework */,
				31D95D9EDF774007BCFC04F1 /* TNSWidgets.framework */,
			);
			name = Frameworks;
			sourceTree = "<group>";
		};
		858B833718CA111C00AB12DE /* secondtry */ = {
			isa = PBXGroup;
			children = (
				CD45EE7A18DC2D5800FB50C0 /* app */,
				858B833818CA111C00AB12DE /* Supporting Files */,
			);
			path = secondtry;
			sourceTree = "<group>";
		};
		858B833818CA111C00AB12DE /* Supporting Files */ = {
			isa = PBXGroup;
			children = (
				CDF4743E1BA4855C0087EA85 /* build.xcconfig */,
				CDD59A261BB43B5D00EC2671 /* build-debug.xcconfig */,
				CDD59A271BB43B5D00EC2671 /* build-release.xcconfig */,
				858B833918CA111C00AB12DE /* secondtry-Info.plist */,
				858B833A18CA111C00AB12DE /* InfoPlist.strings */,
				CD62955C1BB2678900AE3A93 /* main.m */,
				858B833F18CA111C00AB12DE /* secondtry-Prefix.pch */,
			);
			name = "Supporting Files";
			sourceTree = "<group>";
		};
		E070579D1B39A9D000214BF1 /* Resources */ = {
			isa = PBXGroup;
			children = (
				71743815AEAC4345AC67C04B /* Assets.xcassets */,
				E5D4B10D7C0045AC8EB67F12 /* LaunchScreen.storyboard */,
				31A5BF173674471A97E2DC8F /* agregar.png */,
				4C4148B3875344F29DAD998E /* atras.png */,
				E316A88A95034930A77A083A /* botonconsultar.png */,
				FDB7CF0BAB98442095E61CEB /* build.xcconfig */,
				A1E0882B626147AC8D1DB41B /* consultamovimientos.png */,
				ED301B418677410EBE27B0F4 /* consultas.png */,
				693CE8CE83B14D8E8E3751F6 /* crear.png */,
				22CFFDFBD6EE4647932AAB21 /* edicionregistros.png */,
				0468DC417D724F8F8C8778F4 /* editar.png */,
				F34E24A76EED4B92B53EFA01 /* editardestinatario.png */,
				E8972899A4784CF7B8E34EBA /* editarpermisos.png */,
				11F85E46F57D41AEB59D3CF0 /* editarpropietario.png */,
				6A8278F9F46A49E489CD8400 /* editarregistros.png */,
				98E6A56F5A014CFE9A892C23 /* editarusuario.png */,
				AEC2116FE6FE443898BD0AB9 /* eliminar.png */,
				0CBC240793C34308977A1C88 /* eliminarpotrero.png */,
				15015D43F0F64F1D80323DEE /* eliminarreg.png */,
				EE2B1C14676E43F5B14B5818 /* especifica.png */,
				26AD283E101E4CA18E5DE09A /* general.png */,
				983B30BDD56040AB82378C97 /* ingresos.png */,
				6055D16753AF44789ED9C7F0 /* inicio.png */,
				062B9562637E482CA7E21C2C /* internos.png */,
				2F29A02D880C48FBAB94D424 /* movimientos.png */,
				46DE9D5304874F9F99039C4A /* notificaciones.png */,
				0802140606F9486696FCEC95 /* nvaconsulta.png */,
				F0031E989D544A4CAA4BAF22 /* nvasalida.png */,
				2AB936DAC1404836BCA5C4D3 /* nvodestinatario.png */,
				07C4090F576B45FE8C764BB5 /* nvoingreso.png */,
				C9B02DDB8FD145F1A1FFA824 /* nvomovimiento.png */,
				4D9D599FCAFA4150B86FE97A /* nvomovinterno.png */,
				E31F87B8BCC448F68E56E404 /* nvopotrero.png */,
				568F380E792F451F8015C528 /* nvopropietario.png */,
				EB2059727500491DA398188E /* nvousuario.png */,
				7A06F0431C424BF290ABE704 /* potreros.png */,
				A657E369B90145A48CDAE468 /* propietarios.png */,
				8D4313C2F1004A6AA9C286E4 /* registrar.png */,
				66BB42E92A5A4415A82C1EC6 /* salidas.png */,
				348A9EAB371A404E8E8EDBCB /* usuarios.png */,
			);
			name = Resources;
			sourceTree = "<group>";
		};
		9C1DBB72DB3D43408D8125EB /* tns-core-modules */ = {
			isa = PBXGroup;
			children = (
				C36C68E3DFB3469B94159EAD /* NativeScriptEmbedder.h */,
				27E0110418E54B548CE388F2 /* NativeScriptEmbedder.m */,
			);
			name = tns-core-modules;
			sourceTree = "<group>";
		};
/* End PBXGroup section */

/* Begin PBXNativeTarget section */
		858B83EF18CA22B800AB12DE /* secondtry */ = {
			isa = PBXNativeTarget;
			buildConfigurationList = 858B843018CA22B800AB12DE /* Build configuration list for PBXNativeTarget "secondtry" */;
			buildPhases = (
				C97FD7AC1ADE5369004DB2A4 /* NativeScript PreBuild */,
				858B83F218CA22B800AB12DE /* Sources */,
				CD62955B1BB2651D00AE3A93 /* NativeScript PreLink */,
				858B83F418CA22B800AB12DE /* Frameworks */,
				858B842C18CA22B800AB12DE /* Resources */,
				85F5BDFC1A9363BE006B9701 /* Embed Frameworks */,
				CD3EAD351B05FF060042DBFC /* NativeScript PostBuild */,
			);
			buildRules = (
			);
			dependencies = (
			);
			name = secondtry;
			productName = JDBridgeApp;
			productReference = 858B843318CA22B800AB12DE /* secondtry.app */;
			productType = "com.apple.product-type.application";
		};
/* End PBXNativeTarget section */

/* Begin PBXProject section */
		858B832618CA111C00AB12DE /* Project object */ = {
			isa = PBXProject;
			attributes = {
				CLASSPREFIX = TNS;
				LastUpgradeCheck = 500;
				ORGANIZATIONNAME = Telerik;
			};
			buildConfigurationList = 858B832918CA111C00AB12DE /* Build configuration list for PBXProject "secondtry" */;
			compatibilityVersion = "Xcode 3.2";
			developmentRegion = English;
			hasScannedForEncodings = 0;
			knownRegions = (
				en,
			);
			mainGroup = 858B832518CA111C00AB12DE;
			productRefGroup = 858B832F18CA111C00AB12DE /* Products */;
			projectDirPath = "";
			projectRoot = "";
			targets = (
				858B83EF18CA22B800AB12DE /* secondtry */,
			);
		};
/* End PBXProject section */

/* Begin PBXResourcesBuildPhase section */
		858B842C18CA22B800AB12DE /* Resources */ = {
			isa = PBXResourcesBuildPhase;
			buildActionMask = 2147483647;
			files = (
				CD45EE7C18DC2D5800FB50C0 /* app in Resources */,
				858B842D18CA22B800AB12DE /* InfoPlist.strings in Resources */,
				C074D62D751D49E983980EDF /* Assets.xcassets in Resources */,
				05CEB0580D054635A2B21337 /* LaunchScreen.storyboard in Resources */,
				D19F599C2A404A9C9C1CDED3 /* agregar.png in Resources */,
				B9E563014DDE4F12B4566F7C /* atras.png in Resources */,
				790976B5BF434495B9F6F860 /* botonconsultar.png in Resources */,
				4364A1662EE34C4AAF3D345C /* build.xcconfig in Resources */,
				3F05A42E144F4398910E5D31 /* consultamovimientos.png in Resources */,
				BDA8AF33AD564872A113B9AD /* consultas.png in Resources */,
				BD28A700F56541FA98C32A3A /* crear.png in Resources */,
				A2E2D50F48794045A49AD574 /* edicionregistros.png in Resources */,
				852457048E154496B00274AB /* editar.png in Resources */,
				8E6017BB4F4E49029DDE54A9 /* editardestinatario.png in Resources */,
				9C94EAE3691244409613E263 /* editarpermisos.png in Resources */,
				93BA5AB6A88D42099AD3BDAD /* editarpropietario.png in Resources */,
				C1F4C96DFD4A43E288F4C773 /* editarregistros.png in Resources */,
				05C83B732A164A33B2786CD7 /* editarusuario.png in Resources */,
				B4724F07066B408DA0E7DA1A /* eliminar.png in Resources */,
				053B968AD00547E2B63CB01D /* eliminarpotrero.png in Resources */,
				940280B9C1F740B6841E2A89 /* eliminarreg.png in Resources */,
				3505E60C82724056B0372231 /* especifica.png in Resources */,
				178C671B7C4C44C280168463 /* general.png in Resources */,
				1D7B92EFB8554CEC808987BF /* ingresos.png in Resources */,
				175A14BFECEC4085B7BEC177 /* inicio.png in Resources */,
				99FE19DE84124C878CED196B /* internos.png in Resources */,
				6E1D5FC41A4A45C4963119C9 /* movimientos.png in Resources */,
				023C96DC4D6041419A75E977 /* notificaciones.png in Resources */,
				D5078AA9D62A416AAB15188F /* nvaconsulta.png in Resources */,
				1B894CEEE2BF42F68968B019 /* nvasalida.png in Resources */,
				962A98EFF1B240219BA9DB1D /* nvodestinatario.png in Resources */,
				11C9B85CB3884F8C81C104D4 /* nvoingreso.png in Resources */,
				76B724603E464D129AF0BB73 /* nvomovimiento.png in Resources */,
				3548A2DCCDC24A5281C9BF72 /* nvomovinterno.png in Resources */,
				D427C3CE042B48D7B61E5989 /* nvopotrero.png in Resources */,
				03E666659C62415687B9A1BA /* nvopropietario.png in Resources */,
				46A6A3C48552432CB1A748B4 /* nvousuario.png in Resources */,
				80CC4CDC34C54BB387ECEE1F /* potreros.png in Resources */,
				8F0278D56F1442B188DB212B /* propietarios.png in Resources */,
				7CBE65D4AA104DBD8B9B77D1 /* registrar.png in Resources */,
				BB8691D83BAE4121A340D207 /* salidas.png in Resources */,
				ECD53A8B0B6C43A795C46B6F /* usuarios.png in Resources */,
			);
			runOnlyForDeploymentPostprocessing = 0;
		};
/* End PBXResourcesBuildPhase section */

/* Begin PBXShellScriptBuildPhase section */
		C97FD7AC1ADE5369004DB2A4 /* NativeScript PreBuild */ = {
			isa = PBXShellScriptBuildPhase;
			buildActionMask = 2147483647;
			files = (
			);
			inputPaths = (
			);
			name = "NativeScript PreBuild";
			outputPaths = (
			);
			runOnlyForDeploymentPostprocessing = 0;
			shellPath = /bin/sh;
			shellScript = "\"$SRCROOT/internal/nativescript-pre-build\"";
			showEnvVarsInLog = 0;
		};
		CD3EAD351B05FF060042DBFC /* NativeScript PostBuild */ = {
			isa = PBXShellScriptBuildPhase;
			buildActionMask = 2147483647;
			files = (
			);
			inputPaths = (
			);
			name = "NativeScript PostBuild";
			outputPaths = (
			);
			runOnlyForDeploymentPostprocessing = 0;
			shellPath = /bin/sh;
			shellScript = "\"$SRCROOT/internal/nativescript-post-build\"";
			showEnvVarsInLog = 0;
		};
		CD62955B1BB2651D00AE3A93 /* NativeScript PreLink */ = {
			isa = PBXShellScriptBuildPhase;
			buildActionMask = 2147483647;
			files = (
			);
			inputPaths = (
			);
			name = "NativeScript PreLink";
			outputPaths = (
			);
			runOnlyForDeploymentPostprocessing = 0;
			shellPath = /bin/sh;
			shellScript = "\"$SRCROOT/internal/nativescript-pre-link\"";
			showEnvVarsInLog = 0;
		};
/* End PBXShellScriptBuildPhase section */

/* Begin PBXSourcesBuildPhase section */
		858B83F218CA22B800AB12DE /* Sources */ = {
			isa = PBXSourcesBuildPhase;
			buildActionMask = 2147483647;
			files = (
				CD62955D1BB2678900AE3A93 /* main.m in Sources */,
				055D4A0E8FE340DF836E8FA0 /* NativeScriptEmbedder.m in Sources */,
			);
			runOnlyForDeploymentPostprocessing = 0;
		};
/* End PBXSourcesBuildPhase section */

/* Begin PBXVariantGroup section */
		858B833A18CA111C00AB12DE /* InfoPlist.strings */ = {
			isa = PBXVariantGroup;
			children = (
				858B833B18CA111C00AB12DE /* en */,
			);
			name = InfoPlist.strings;
			sourceTree = "<group>";
		};
/* End PBXVariantGroup section */

/* Begin XCBuildConfiguration section */
		858B835818CA111C00AB12DE /* Debug */ = {
			isa = XCBuildConfiguration;
			buildSettings = {
				ALWAYS_SEARCH_USER_PATHS = NO;
				ARCHS = "$(ARCHS_STANDARD)";
				CLANG_CXX_LANGUAGE_STANDARD = "gnu++0x";
				CLANG_CXX_LIBRARY = "libc++";
				CLANG_ENABLE_MODULES = YES;
				CLANG_ENABLE_OBJC_ARC = YES;
				CLANG_WARN_BOOL_CONVERSION = YES;
				CLANG_WARN_CONSTANT_CONVERSION = YES;
				CLANG_WARN_DIRECT_OBJC_ISA_USAGE = YES_ERROR;
				CLANG_WARN_EMPTY_BODY = YES;
				CLANG_WARN_ENUM_CONVERSION = YES;
				CLANG_WARN_INT_CONVERSION = YES;
				CLANG_WARN_OBJC_ROOT_CLASS = YES_ERROR;
				CLANG_WARN__DUPLICATE_METHOD_MATCH = YES;
				"CODE_SIGN_IDENTITY[sdk=iphoneos*]" = "iPhone Developer";
				COPY_PHASE_STRIP = NO;
				GCC_C_LANGUAGE_STANDARD = gnu99;
				GCC_DYNAMIC_NO_PIC = NO;
				GCC_OPTIMIZATION_LEVEL = 0;
				GCC_SYMBOLS_PRIVATE_EXTERN = NO;
				GCC_WARN_64_TO_32_BIT_CONVERSION = YES;
				GCC_WARN_ABOUT_RETURN_TYPE = YES_ERROR;
				GCC_WARN_UNDECLARED_SELECTOR = YES;
				GCC_WARN_UNINITIALIZED_AUTOS = YES;
				GCC_WARN_UNUSED_FUNCTION = YES;
				GCC_WARN_UNUSED_VARIABLE = YES;
				IPHONEOS_DEPLOYMENT_TARGET = 9.0;
				ONLY_ACTIVE_ARCH = YES;
				SDKROOT = iphoneos;
				TARGETED_DEVICE_FAMILY = "1,2";
				VALID_ARCHS = "armv7 arm64";
			};
			name = Debug;
		};
		858B835918CA111C00AB12DE /* Release */ = {
			isa = XCBuildConfiguration;
			buildSettings = {
				ALWAYS_SEARCH_USER_PATHS = NO;
				ARCHS = "$(ARCHS_STANDARD)";
				CLANG_CXX_LANGUAGE_STANDARD = "gnu++0x";
				CLANG_CXX_LIBRARY = "libc++";
				CLANG_ENABLE_MODULES = YES;
				CLANG_ENABLE_OBJC_ARC = YES;
				CLANG_WARN_BOOL_CONVERSION = YES;
				CLANG_WARN_CONSTANT_CONVERSION = YES;
				CLANG_WARN_DIRECT_OBJC_ISA_USAGE = YES_ERROR;
				CLANG_WARN_EMPTY_BODY = YES;
				CLANG_WARN_ENUM_CONVERSION = YES;
				CLANG_WARN_INT_CONVERSION = YES;
				CLANG_WARN_OBJC_ROOT_CLASS = YES_ERROR;
				CLANG_WARN__DUPLICATE_METHOD_MATCH = YES;
				"CODE_SIGN_IDENTITY[sdk=iphoneos*]" = "iPhone Developer";
				COPY_PHASE_STRIP = YES;
				ENABLE_NS_ASSERTIONS = NO;
				GCC_C_LANGUAGE_STANDARD = gnu99;
				GCC_WARN_64_TO_32_BIT_CONVERSION = YES;
				GCC_WARN_ABOUT_RETURN_TYPE = YES_ERROR;
				GCC_WARN_UNDECLARED_SELECTOR = YES;
				GCC_WARN_UNINITIALIZED_AUTOS = YES;
				GCC_WARN_UNUSED_FUNCTION = YES;
				GCC_WARN_UNUSED_VARIABLE = YES;
				IPHONEOS_DEPLOYMENT_TARGET = 9.0;
				SDKROOT = iphoneos;
				TARGETED_DEVICE_FAMILY = "1,2";
				VALIDATE_PRODUCT = YES;
				VALID_ARCHS = "armv7 arm64";
			};
			name = Release;
		};
		858B843118CA22B800AB12DE /* Debug */ = {
			isa = XCBuildConfiguration;
			baseConfigurationReference = CDD59A261BB43B5D00EC2671 /* build-debug.xcconfig */;
			buildSettings = {
				ARCHS = "$(ARCHS_STANDARD)";
				ENABLE_BITCODE = NO;
				GCC_PRECOMPILE_PREFIX_HEADER = YES;
				GCC_PREFIX_HEADER = "secondtry/secondtry-Prefix.pch";
				GCC_PREPROCESSOR_DEFINITIONS = (
					"$(inherited)",
					"DEBUG=1",
				);
				INFOPLIST_FILE = "$(SRCROOT)/secondtry/secondtry-Info.plist";
				LD_RUNPATH_SEARCH_PATHS = "$(inherited) @executable_path/Frameworks";
				PRODUCT_NAME = secondtry;
				VALID_ARCHS = "armv7 arm64";
				WRAPPER_EXTENSION = app;
				FRAMEWORK_SEARCH_PATHS = (
					"$(inherited)",
					"\"$(SRCROOT)/../../node_modules/nativescript-sqlite/platforms/ios\"",
					"\"$(SRCROOT)/../../node_modules/tns-core-modules-widgets/platforms/ios\"",
				);
				HEADER_SEARCH_PATHS = (
					"$(inherited)",
					"\"$(SRCROOT)/../../node_modules/tns-core-modules/platforms/ios/src\"",
				);
			};
			name = Debug;
		};
		858B843218CA22B800AB12DE /* Release */ = {
			isa = XCBuildConfiguration;
			baseConfigurationReference = CDD59A271BB43B5D00EC2671 /* build-release.xcconfig */;
			buildSettings = {
				ARCHS = "$(ARCHS_STANDARD)";
				ENABLE_BITCODE = NO;
				GCC_PRECOMPILE_PREFIX_HEADER = YES;
				GCC_PREFIX_HEADER = "secondtry/secondtry-Prefix.pch";
				INFOPLIST_FILE = "$(SRCROOT)/secondtry/secondtry-Info.plist";
				LD_RUNPATH_SEARCH_PATHS = "$(inherited) @executable_path/Frameworks";
				PRODUCT_NAME = secondtry;
				VALID_ARCHS = "armv7 arm64";
				WRAPPER_EXTENSION = app;
				FRAMEWORK_SEARCH_PATHS = (
					"$(inherited)",
					"\"$(SRCROOT)/../../node_modules/nativescript-sqlite/platforms/ios\"",
					"\"$(SRCROOT)/../../node_modules/tns-core-modules-widgets/platforms/ios\"",
				);
				HEADER_SEARCH_PATHS = (
					"$(inherited)",
					"\"$(SRCROOT)/../../node_modules/tns-core-modules/platforms/ios/src\"",
				);
			};
			name = Release;
		};
/* End XCBuildConfiguration section */

/* Begin XCConfigurationList section */
		858B832918CA111C00AB12DE /* Build configuration list for PBXProject "secondtry" */ = {
			isa = XCConfigurationList;
			buildConfigurations = (
				858B835818CA111C00AB12DE /* Debug */,
				858B835918CA111C00AB12DE /* Release */,
			);
			defaultConfigurationIsVisible = 0;
			defaultConfigurationName = Release;
		};
		858B843018CA22B800AB12DE /* Build configuration list for PBXNativeTarget "secondtry" */ = {
			isa = XCConfigurationList;
			buildConfigurations = (
				858B843118CA22B800AB12DE /* Debug */,
				858B843218CA22B800AB12DE /* Release */,
			);
			defaultConfigurationIsVisible = 0;
			defaultConfigurationName = Release;
		};
/* End XCConfigurationList section */
	};
	rootObject = 858B832618CA111C00AB12DE /* Project object */;
}
